
Microsoft Visual Studio Solution File, Format Version 12.00
# Visual Studio Version 17
VisualStudioVersion = 17.0.32112.339
MinimumVisualStudioVersion = 10.0.40219.1
Project("{FAE04EC0-301F-11D3-BF4B-00C04F79EFBC}") = "Curs1", "Curs1\Curs1.csproj", "{6C30FE30-9973-43A2-A03C-8323BF0FCD46}"
EndProject
Project("{9A19103F-16F7-4668-BE54-9A1E7A4F7556}") = "Curs2", "Curs2\Curs2.csproj", "{FF157855-8A8D-4856-BBBE-593CDA89F39E}"
EndProject
Project("{9A19103F-16F7-4668-BE54-9A1E7A4F7556}") = "Curs3", "Curs3\Curs3.csproj", "{29CA9BB6-4D5F-4E9C-BED0-F0B72FFB4BEE}"
EndProject
Project("{FAE04EC0-301F-11D3-BF4B-00C04F79EFBC}") = "Curs3Tema", "Curs3Tema\Curs3Tema.csproj", "{BA6B5CCE-EDD2-4AAA-840D-A9A07DB04432}"
EndProject
Global
	GlobalSection(SolutionConfigurationPlatforms) = preSolution
		Debug|Any CPU = Debug|Any CPU
		Release|Any CPU = Release|Any CPU
	EndGlobalSection
	GlobalSection(ProjectConfigurationPlatforms) = postSolution
		{6C30FE30-9973-43A2-A03C-8323BF0FCD46}.Debug|Any CPU.ActiveCfg = Debug|Any CPU
		{6C30FE30-9973-43A2-A03C-8323BF0FCD46}.Debug|Any CPU.Build.0 = Debug|Any CPU
		{6C30FE30-9973-43A2-A03C-8323BF0FCD46}.Release|Any CPU.ActiveCfg = Release|Any CPU
		{6C30FE30-9973-43A2-A03C-8323BF0FCD46}.Release|Any CPU.Build.0 = Release|Any CPU
		{FF157855-8A8D-4856-BBBE-593CDA89F39E}.Debug|Any CPU.ActiveCfg = Debug|Any CPU
		{FF157855-8A8D-4856-BBBE-593CDA89F39E}.Debug|Any CPU.Build.0 = Debug|Any CPU
		{FF157855-8A8D-4856-BBBE-593CDA89F39E}.Release|Any CPU.ActiveCfg = Release|Any CPU
		{FF157855-8A8D-4856-BBBE-593CDA89F39E}.Release|Any CPU.Build.0 = Release|Any CPU
		{29CA9BB6-4D5F-4E9C-BED0-F0B72FFB4BEE}.Debug|Any CPU.ActiveCfg = Debug|Any CPU
		{29CA9BB6-4D5F-4E9C-BED0-F0B72FFB4BEE}.Debug|Any CPU.Build.0 = Debug|Any CPU
		{29CA9BB6-4D5F-4E9C-BED0-F0B72FFB4BEE}.Release|Any CPU.ActiveCfg = Release|Any CPU
		{29CA9BB6-4D5F-4E9C-BED0-F0B72FFB4BEE}.Release|Any CPU.Build.0 = Release|Any CPU
		{BA6B5CCE-EDD2-4AAA-840D-A9A07DB04432}.Debug|Any CPU.ActiveCfg = Debug|Any CPU
		{BA6B5CCE-EDD2-4AAA-840D-A9A07DB04432}.Debug|Any CPU.Build.0 = Debug|Any CPU
		{BA6B5CCE-EDD2-4AAA-840D-A9A07DB04432}.Release|Any CPU.ActiveCfg = Release|Any CPU
		{BA6B5CCE-EDD2-4AAA-840D-A9A07DB04432}.Release|Any CPU.Build.0 = Release|Any CPU
	EndGlobalSection
	GlobalSection(SolutionProperties) = preSolution
		HideSolutionNode = FALSE
	EndGlobalSection
	GlobalSection(ExtensibilityGlobals) = postSolution
		SolutionGuid = {8B470697-1F0F-4664-BC3C-C824596FD361}
	EndGlobalSection
EndGlobal
