
Microsoft Visual Studio Solution File, Format Version 12.00
# Visual Studio Version 17
VisualStudioVersion = 17.0.32112.339
MinimumVisualStudioVersion = 10.0.40219.1
Project("{FAE04EC0-301F-11D3-BF4B-00C04F79EFBC}") = "Curs1", "Curs1\Curs1.csproj", "{6C30FE30-9973-43A2-A03C-8323BF0FCD46}"
EndProject
Project("{9A19103F-16F7-4668-BE54-9A1E7A4F7556}") = "Curs2", "Curs2\Curs2.csproj", "{FF157855-8A8D-4856-BBBE-593CDA89F39E}"
EndProject
Project("{9A19103F-16F7-4668-BE54-9A1E7A4F7556}") = "Curs3", "Curs3\Curs3.csproj", "{29CA9BB6-4D5F-4E9C-BED0-F0B72FFB4BEE}"
EndProject
Project("{9A19103F-16F7-4668-BE54-9A1E7A4F7556}") = "Curs3Tema", "Curs3Tema\Curs3Tema.csproj", "{BA6B5CCE-EDD2-4AAA-840D-A9A07DB04432}"
EndProject
Project("{9A19103F-16F7-4668-BE54-9A1E7A4F7556}") = "Curs3Tema2", "Curs3Tema2\Curs3Tema2.csproj", "{0FCD600C-C6E8-4B1F-BB15-B60B1AC058D6}"
EndProject
Project("{9A19103F-16F7-4668-BE54-9A1E7A4F7556}") = "Curs3Tema3", "Curs3Tema3\Curs3Tema3.csproj", "{6EC0B426-4D74-4A70-8968-E8740E3C08F8}"
EndProject
Project("{9A19103F-16F7-4668-BE54-9A1E7A4F7556}") = "Curs4", "Curs4\Curs4.csproj", "{1EEB4934-E850-4A50-B4EC-2AC5AD9F24A5}"
EndProject
Project("{9A19103F-16F7-4668-BE54-9A1E7A4F7556}") = "Curs4Tema", "Curs4Tema\Curs4Tema.csproj", "{A0FD3649-EB43-4462-885B-4EAE633D43A2}"
EndProject
Project("{9A19103F-16F7-4668-BE54-9A1E7A4F7556}") = "Curs5", "Curs5\Curs5.csproj", "{9EB35A4B-396F-45AA-AD44-8D9800EF0DF2}"
EndProject
Project("{FAE04EC0-301F-11D3-BF4B-00C04F79EFBC}") = "Curs5WindowsForms", "Curs5WindowsForms\Curs5WindowsForms.csproj", "{B348B91E-44CB-4BE5-AA63-DB0A04EF4DDD}"
EndProject
Project("{FAE04EC0-301F-11D3-BF4B-00C04F79EFBC}") = "Curs5Tema1Ghici", "Curs5Tema1Ghici\Curs5Tema1Ghici.csproj", "{5190605F-7FCA-4393-BB93-18A0B86DCF94}"
EndProject
Project("{FAE04EC0-301F-11D3-BF4B-00C04F79EFBC}") = "Curs5Tema2TicTacToe", "Curs5Tema2TicTacToe\Curs5Tema2TicTacToe.csproj", "{FF42F77A-73E1-4419-97D6-E69B6A3B89F0}"
EndProject
Project("{FAE04EC0-301F-11D3-BF4B-00C04F79EFBC}") = "Curs6", "Curs6\Curs6.csproj", "{8A54147A-AF0F-418A-851B-3052BF4DD98F}"
EndProject
Project("{FAE04EC0-301F-11D3-BF4B-00C04F79EFBC}") = "Curs6Tema", "Curs6Tema\Curs6Tema.csproj", "{875F4C3D-D14F-47F9-8832-400E1EDF3DCE}"
EndProject
Global
	GlobalSection(SolutionConfigurationPlatforms) = preSolution
		Debug|Any CPU = Debug|Any CPU
		Release|Any CPU = Release|Any CPU
	EndGlobalSection
	GlobalSection(ProjectConfigurationPlatforms) = postSolution
		{6C30FE30-9973-43A2-A03C-8323BF0FCD46}.Debug|Any CPU.ActiveCfg = Debug|Any CPU
		{6C30FE30-9973-43A2-A03C-8323BF0FCD46}.Debug|Any CPU.Build.0 = Debug|Any CPU
		{6C30FE30-9973-43A2-A03C-8323BF0FCD46}.Release|Any CPU.ActiveCfg = Release|Any CPU
		{6C30FE30-9973-43A2-A03C-8323BF0FCD46}.Release|Any CPU.Build.0 = Release|Any CPU
		{FF157855-8A8D-4856-BBBE-593CDA89F39E}.Debug|Any CPU.ActiveCfg = Debug|Any CPU
		{FF157855-8A8D-4856-BBBE-593CDA89F39E}.Debug|Any CPU.Build.0 = Debug|Any CPU
		{FF157855-8A8D-4856-BBBE-593CDA89F39E}.Release|Any CPU.ActiveCfg = Release|Any CPU
		{FF157855-8A8D-4856-BBBE-593CDA89F39E}.Release|Any CPU.Build.0 = Release|Any CPU
		{29CA9BB6-4D5F-4E9C-BED0-F0B72FFB4BEE}.Debug|Any CPU.ActiveCfg = Debug|Any CPU
		{29CA9BB6-4D5F-4E9C-BED0-F0B72FFB4BEE}.Debug|Any CPU.Build.0 = Debug|Any CPU
		{29CA9BB6-4D5F-4E9C-BED0-F0B72FFB4BEE}.Release|Any CPU.ActiveCfg = Release|Any CPU
		{29CA9BB6-4D5F-4E9C-BED0-F0B72FFB4BEE}.Release|Any CPU.Build.0 = Release|Any CPU
		{BA6B5CCE-EDD2-4AAA-840D-A9A07DB04432}.Debug|Any CPU.ActiveCfg = Debug|Any CPU
		{BA6B5CCE-EDD2-4AAA-840D-A9A07DB04432}.Debug|Any CPU.Build.0 = Debug|Any CPU
		{BA6B5CCE-EDD2-4AAA-840D-A9A07DB04432}.Release|Any CPU.ActiveCfg = Release|Any CPU
		{BA6B5CCE-EDD2-4AAA-840D-A9A07DB04432}.Release|Any CPU.Build.0 = Release|Any CPU
		{0FCD600C-C6E8-4B1F-BB15-B60B1AC058D6}.Debug|Any CPU.ActiveCfg = Debug|Any CPU
		{0FCD600C-C6E8-4B1F-BB15-B60B1AC058D6}.Debug|Any CPU.Build.0 = Debug|Any CPU
		{0FCD600C-C6E8-4B1F-BB15-B60B1AC058D6}.Release|Any CPU.ActiveCfg = Release|Any CPU
		{0FCD600C-C6E8-4B1F-BB15-B60B1AC058D6}.Release|Any CPU.Build.0 = Release|Any CPU
		{6EC0B426-4D74-4A70-8968-E8740E3C08F8}.Debug|Any CPU.ActiveCfg = Debug|Any CPU
		{6EC0B426-4D74-4A70-8968-E8740E3C08F8}.Debug|Any CPU.Build.0 = Debug|Any CPU
		{6EC0B426-4D74-4A70-8968-E8740E3C08F8}.Release|Any CPU.ActiveCfg = Release|Any CPU
		{6EC0B426-4D74-4A70-8968-E8740E3C08F8}.Release|Any CPU.Build.0 = Release|Any CPU
		{1EEB4934-E850-4A50-B4EC-2AC5AD9F24A5}.Debug|Any CPU.ActiveCfg = Debug|Any CPU
		{1EEB4934-E850-4A50-B4EC-2AC5AD9F24A5}.Debug|Any CPU.Build.0 = Debug|Any CPU
		{1EEB4934-E850-4A50-B4EC-2AC5AD9F24A5}.Release|Any CPU.ActiveCfg = Release|Any CPU
		{1EEB4934-E850-4A50-B4EC-2AC5AD9F24A5}.Release|Any CPU.Build.0 = Release|Any CPU
		{A0FD3649-EB43-4462-885B-4EAE633D43A2}.Debug|Any CPU.ActiveCfg = Debug|Any CPU
		{A0FD3649-EB43-4462-885B-4EAE633D43A2}.Debug|Any CPU.Build.0 = Debug|Any CPU
		{A0FD3649-EB43-4462-885B-4EAE633D43A2}.Release|Any CPU.ActiveCfg = Release|Any CPU
		{A0FD3649-EB43-4462-885B-4EAE633D43A2}.Release|Any CPU.Build.0 = Release|Any CPU
		{9EB35A4B-396F-45AA-AD44-8D9800EF0DF2}.Debug|Any CPU.ActiveCfg = Debug|Any CPU
		{9EB35A4B-396F-45AA-AD44-8D9800EF0DF2}.Debug|Any CPU.Build.0 = Debug|Any CPU
		{9EB35A4B-396F-45AA-AD44-8D9800EF0DF2}.Release|Any CPU.ActiveCfg = Release|Any CPU
		{9EB35A4B-396F-45AA-AD44-8D9800EF0DF2}.Release|Any CPU.Build.0 = Release|Any CPU
		{B348B91E-44CB-4BE5-AA63-DB0A04EF4DDD}.Debug|Any CPU.ActiveCfg = Debug|Any CPU
		{B348B91E-44CB-4BE5-AA63-DB0A04EF4DDD}.Debug|Any CPU.Build.0 = Debug|Any CPU
		{B348B91E-44CB-4BE5-AA63-DB0A04EF4DDD}.Release|Any CPU.ActiveCfg = Release|Any CPU
		{B348B91E-44CB-4BE5-AA63-DB0A04EF4DDD}.Release|Any CPU.Build.0 = Release|Any CPU
		{5190605F-7FCA-4393-BB93-18A0B86DCF94}.Debug|Any CPU.ActiveCfg = Debug|Any CPU
		{5190605F-7FCA-4393-BB93-18A0B86DCF94}.Debug|Any CPU.Build.0 = Debug|Any CPU
		{5190605F-7FCA-4393-BB93-18A0B86DCF94}.Release|Any CPU.ActiveCfg = Release|Any CPU
		{5190605F-7FCA-4393-BB93-18A0B86DCF94}.Release|Any CPU.Build.0 = Release|Any CPU
		{FF42F77A-73E1-4419-97D6-E69B6A3B89F0}.Debug|Any CPU.ActiveCfg = Debug|Any CPU
		{FF42F77A-73E1-4419-97D6-E69B6A3B89F0}.Debug|Any CPU.Build.0 = Debug|Any CPU
		{FF42F77A-73E1-4419-97D6-E69B6A3B89F0}.Release|Any CPU.ActiveCfg = Release|Any CPU
		{FF42F77A-73E1-4419-97D6-E69B6A3B89F0}.Release|Any CPU.Build.0 = Release|Any CPU
		{8A54147A-AF0F-418A-851B-3052BF4DD98F}.Debug|Any CPU.ActiveCfg = Debug|Any CPU
		{8A54147A-AF0F-418A-851B-3052BF4DD98F}.Debug|Any CPU.Build.0 = Debug|Any CPU
		{8A54147A-AF0F-418A-851B-3052BF4DD98F}.Release|Any CPU.ActiveCfg = Release|Any CPU
		{8A54147A-AF0F-418A-851B-3052BF4DD98F}.Release|Any CPU.Build.0 = Release|Any CPU
		{875F4C3D-D14F-47F9-8832-400E1EDF3DCE}.Debug|Any CPU.ActiveCfg = Debug|Any CPU
		{875F4C3D-D14F-47F9-8832-400E1EDF3DCE}.Debug|Any CPU.Build.0 = Debug|Any CPU
		{875F4C3D-D14F-47F9-8832-400E1EDF3DCE}.Release|Any CPU.ActiveCfg = Release|Any CPU
		{875F4C3D-D14F-47F9-8832-400E1EDF3DCE}.Release|Any CPU.Build.0 = Release|Any CPU
	EndGlobalSection
	GlobalSection(SolutionProperties) = preSolution
		HideSolutionNode = FALSE
	EndGlobalSection
	GlobalSection(ExtensibilityGlobals) = postSolution
		SolutionGuid = {8B470697-1F0F-4664-BC3C-C824596FD361}
	EndGlobalSection
EndGlobal
